
Microsoft Visual Studio Solution File, Format Version 12.00
# Visual Studio Version 17
VisualStudioVersion = 17.0.31903.59
MinimumVisualStudioVersion = 10.0.40219.1
Project("{FAE04EC0-301F-11D3-BF4B-00C04F79EFBC}") = "SPS_API", "SPS_API.csproj", "{B07F4436-3047-4DB0-90AF-13CFC4236EDB}"
EndProject
Global
	GlobalSection(SolutionConfigurationPlatforms) = preSolution
		Debug|Any CPU = Debug|Any CPU
		Release|Any CPU = Release|Any CPU
	EndGlobalSection
	GlobalSection(ProjectConfigurationPlatforms) = postSolution
		{B07F4436-3047-4DB0-90AF-13CFC4236EDB}.Debug|Any CPU.ActiveCfg = Debug|Any CPU
		{B07F4436-3047-4DB0-90AF-13CFC4236EDB}.Debug|Any CPU.Build.0 = Debug|Any CPU
		{B07F4436-3047-4DB0-90AF-13CFC4236EDB}.Release|Any CPU.ActiveCfg = Release|Any CPU
		{B07F4436-3047-4DB0-90AF-13CFC4236EDB}.Release|Any CPU.Build.0 = Release|Any CPU
	EndGlobalSection
	GlobalSection(SolutionProperties) = preSolution
		HideSolutionNode = FALSE
	EndGlobalSection
	GlobalSection(ExtensibilityGlobals) = postSolution
		SolutionGuid = {F1922F00-63D0-4796-96F5-E819F8109A81}
	EndGlobalSection
EndGlobal
